{
  "name": "ngrx-minimal-app",
  "version": "0.0.0",
  "lockfileVersion": 1,
  "requires": true,
  "dependencies": {
    "@ngrx/schematics": {
      "version": "5.1.0",
      "resolved": "https://registry.npmjs.org/@ngrx/schematics/-/schematics-5.1.0.tgz",
      "integrity": "sha1-tsCNqvIOf/luBEUlwjgYreJqWSc=",
      "dev": true
    },
    "@ngrx/store": {
      "version": "5.1.0",
      "resolved": "https://registry.npmjs.org/@ngrx/store/-/store-5.1.0.tgz",
      "integrity": "sha1-2VcTHmIEHe7eBDUk/TANufqDXWg="
    },
    "@ngrx/store-devtools": {
      "version": "5.1.0",
      "resolved": "https://registry.npmjs.org/@ngrx/store-devtools/-/store-devtools-5.1.0.tgz",
      "integrity": "sha1-ffim2mUsx5IACtBYykByoy42KbE="
    }
  }
}
